
Microsoft Visual Studio Solution File, Format Version 12.00
# Visual Studio Version 17
VisualStudioVersion = 17.1.32228.430
MinimumVisualStudioVersion = 10.0.40219.1
Project("{FAE04EC0-301F-11D3-BF4B-00C04F79EFBC}") = "Exe01_POO_Classes", "Exe01_POO_Classes\Exe01_POO_Classes.csproj", "{A5729392-8D4C-4F3F-9311-B5354EF56176}"
EndProject
Global
	GlobalSection(SolutionConfigurationPlatforms) = preSolution
		Debug|Any CPU = Debug|Any CPU
		Release|Any CPU = Release|Any CPU
	EndGlobalSection
	GlobalSection(ProjectConfigurationPlatforms) = postSolution
		{A5729392-8D4C-4F3F-9311-B5354EF56176}.Debug|Any CPU.ActiveCfg = Debug|Any CPU
		{A5729392-8D4C-4F3F-9311-B5354EF56176}.Debug|Any CPU.Build.0 = Debug|Any CPU
		{A5729392-8D4C-4F3F-9311-B5354EF56176}.Release|Any CPU.ActiveCfg = Release|Any CPU
		{A5729392-8D4C-4F3F-9311-B5354EF56176}.Release|Any CPU.Build.0 = Release|Any CPU
	EndGlobalSection
	GlobalSection(SolutionProperties) = preSolution
		HideSolutionNode = FALSE
	EndGlobalSection
	GlobalSection(ExtensibilityGlobals) = postSolution
		SolutionGuid = {709D7C16-2281-4FCB-A701-62D8C3302C01}
	EndGlobalSection
EndGlobal
