
Microsoft Visual Studio Solution File, Format Version 12.00
# Visual Studio Version 17
VisualStudioVersion = 17.11.35327.3
MinimumVisualStudioVersion = 10.0.40219.1
Project("{FAE04EC0-301F-11D3-BF4B-00C04F79EFBC}") = "QuartosEstudantes", "QuartosEstudantes\QuartosEstudantes.csproj", "{4D510152-4E6A-41E9-81FF-E5BBDDCC0D26}"
EndProject
Global
	GlobalSection(SolutionConfigurationPlatforms) = preSolution
		Debug|Any CPU = Debug|Any CPU
		Release|Any CPU = Release|Any CPU
	EndGlobalSection
	GlobalSection(ProjectConfigurationPlatforms) = postSolution
		{4D510152-4E6A-41E9-81FF-E5BBDDCC0D26}.Debug|Any CPU.ActiveCfg = Debug|Any CPU
		{4D510152-4E6A-41E9-81FF-E5BBDDCC0D26}.Debug|Any CPU.Build.0 = Debug|Any CPU
		{4D510152-4E6A-41E9-81FF-E5BBDDCC0D26}.Release|Any CPU.ActiveCfg = Release|Any CPU
		{4D510152-4E6A-41E9-81FF-E5BBDDCC0D26}.Release|Any CPU.Build.0 = Release|Any CPU
	EndGlobalSection
	GlobalSection(SolutionProperties) = preSolution
		HideSolutionNode = FALSE
	EndGlobalSection
	GlobalSection(ExtensibilityGlobals) = postSolution
		SolutionGuid = {BEBC7F95-A97B-427A-A0C7-ECEB025D051C}
	EndGlobalSection
EndGlobal
